
Microsoft Visual Studio Solution File, Format Version 12.00
# Visual Studio 15
VisualStudioVersion = 15.0.28010.2016
MinimumVisualStudioVersion = 10.0.40219.1
Project("{FAE04EC0-301F-11D3-BF4B-00C04F79EFBC}") = "Vidly", "Vidly\Vidly.csproj", "{F75F5884-FD8A-4027-AD64-49A21BB729E8}"
EndProject
Global
	GlobalSection(SolutionConfigurationPlatforms) = preSolution
		Debug|Any CPU = Debug|Any CPU
		Release|Any CPU = Release|Any CPU
	EndGlobalSection
	GlobalSection(ProjectConfigurationPlatforms) = postSolution
		{F75F5884-FD8A-4027-AD64-49A21BB729E8}.Debug|Any CPU.ActiveCfg = Debug|Any CPU
		{F75F5884-FD8A-4027-AD64-49A21BB729E8}.Debug|Any CPU.Build.0 = Debug|Any CPU
		{F75F5884-FD8A-4027-AD64-49A21BB729E8}.Release|Any CPU.ActiveCfg = Release|Any CPU
		{F75F5884-FD8A-4027-AD64-49A21BB729E8}.Release|Any CPU.Build.0 = Release|Any CPU
	EndGlobalSection
	GlobalSection(SolutionProperties) = preSolution
		HideSolutionNode = FALSE
	EndGlobalSection
	GlobalSection(ExtensibilityGlobals) = postSolution
		SolutionGuid = {DC6E70ED-E51D-4703-84BA-0105A40E4DFE}
	EndGlobalSection
EndGlobal
